
Microsoft Visual Studio Solution File, Format Version 12.00
# Visual Studio Version 17
VisualStudioVersion = 17.12.35527.113
MinimumVisualStudioVersion = 10.0.40219.1
Project("{2150E333-8FDC-42A3-9474-1A3956D46DE8}") = "Services", "Services", "{3E65A7C2-6358-4CDB-AC7F-9ED1D14341EC}"
EndProject
Project("{2150E333-8FDC-42A3-9474-1A3956D46DE8}") = "Catalog", "Catalog", "{5937875D-A0AF-4977-8BC7-70660F0BEEEF}"
EndProject
Project("{FAE04EC0-301F-11D3-BF4B-00C04F79EFBC}") = "Catalog.API", "Services\Catalog\Catalog.API\Catalog.API.csproj", "{A6AC3E23-64A1-4A23-B0A6-03F560B9BC38}"
EndProject
Project("{2150E333-8FDC-42A3-9474-1A3956D46DE8}") = "BuildingBlocks", "BuildingBlocks", "{70E715D7-9468-47EB-9DC8-93C5D8AE8D56}"
EndProject
Project("{FAE04EC0-301F-11D3-BF4B-00C04F79EFBC}") = "BuildingBlocks", "BuildingBlocks\BuildingBlocks\BuildingBlocks.csproj", "{26BED1F0-66E5-42A5-82B7-2D20DABACA70}"
EndProject
Project("{E53339B2-1760-4266-BCC7-CA923CBCF16C}") = "docker-compose", "docker-compose.dcproj", "{3C805799-D87D-45CA-BF51-DA888DD1E428}"
EndProject
Project("{2150E333-8FDC-42A3-9474-1A3956D46DE8}") = "Cart", "Cart", "{B4E1B1D9-8C91-4944-806A-7C298F39DF78}"
EndProject
Project("{FAE04EC0-301F-11D3-BF4B-00C04F79EFBC}") = "Cart.API", "Services\Cart\Cart.Api\Cart.API.csproj", "{A07F937A-EDCC-49DA-B77E-7692F48DBCD7}"
EndProject
Project("{2150E333-8FDC-42A3-9474-1A3956D46DE8}") = "Ordering", "Ordering", "{9D054E49-C5F1-46FF-8E39-6F81BC94FB77}"
EndProject
Project("{FAE04EC0-301F-11D3-BF4B-00C04F79EFBC}") = "Ordering.API", "Services\Order\Ordering.API\Ordering.API.csproj", "{8B5B75BA-379A-49F2-8A7A-31686569A8A5}"
EndProject
Project("{FAE04EC0-301F-11D3-BF4B-00C04F79EFBC}") = "Ordering.Domain", "Services\Order\Ordering.Domain\Ordering.Domain.csproj", "{B4132B60-42BC-4495-92D7-501AF96BE930}"
EndProject
Project("{FAE04EC0-301F-11D3-BF4B-00C04F79EFBC}") = "Ordering.Infrastructure", "Services\Order\Ordering.Infrastructure\Ordering.Infrastructure.csproj", "{00D0E735-A99B-4E11-B34F-EC023207B14C}"
EndProject
Project("{FAE04EC0-301F-11D3-BF4B-00C04F79EFBC}") = "Ordering.Application", "Services\Order\Ordering.Application\Ordering.Application.csproj", "{D4F1241C-E566-4CEA-935F-747F10B3036E}"
EndProject
Project("{FAE04EC0-301F-11D3-BF4B-00C04F79EFBC}") = "BuildingBlocksMessaging", "BuildingBlocks\BuildingBlocksMessaging\BuildingBlocksMessaging.csproj", "{41273C66-8F60-4AB8-BE24-9E5AF9B29026}"
EndProject
Global
	GlobalSection(SolutionConfigurationPlatforms) = preSolution
		Debug|Any CPU = Debug|Any CPU
		Release|Any CPU = Release|Any CPU
	EndGlobalSection
	GlobalSection(ProjectConfigurationPlatforms) = postSolution
		{A6AC3E23-64A1-4A23-B0A6-03F560B9BC38}.Debug|Any CPU.ActiveCfg = Debug|Any CPU
		{A6AC3E23-64A1-4A23-B0A6-03F560B9BC38}.Debug|Any CPU.Build.0 = Debug|Any CPU
		{A6AC3E23-64A1-4A23-B0A6-03F560B9BC38}.Release|Any CPU.ActiveCfg = Release|Any CPU
		{A6AC3E23-64A1-4A23-B0A6-03F560B9BC38}.Release|Any CPU.Build.0 = Release|Any CPU
		{26BED1F0-66E5-42A5-82B7-2D20DABACA70}.Debug|Any CPU.ActiveCfg = Debug|Any CPU
		{26BED1F0-66E5-42A5-82B7-2D20DABACA70}.Debug|Any CPU.Build.0 = Debug|Any CPU
		{26BED1F0-66E5-42A5-82B7-2D20DABACA70}.Release|Any CPU.ActiveCfg = Release|Any CPU
		{26BED1F0-66E5-42A5-82B7-2D20DABACA70}.Release|Any CPU.Build.0 = Release|Any CPU
		{3C805799-D87D-45CA-BF51-DA888DD1E428}.Debug|Any CPU.ActiveCfg = Debug|Any CPU
		{3C805799-D87D-45CA-BF51-DA888DD1E428}.Debug|Any CPU.Build.0 = Debug|Any CPU
		{3C805799-D87D-45CA-BF51-DA888DD1E428}.Release|Any CPU.ActiveCfg = Release|Any CPU
		{3C805799-D87D-45CA-BF51-DA888DD1E428}.Release|Any CPU.Build.0 = Release|Any CPU
		{A07F937A-EDCC-49DA-B77E-7692F48DBCD7}.Debug|Any CPU.ActiveCfg = Debug|Any CPU
		{A07F937A-EDCC-49DA-B77E-7692F48DBCD7}.Debug|Any CPU.Build.0 = Debug|Any CPU
		{A07F937A-EDCC-49DA-B77E-7692F48DBCD7}.Release|Any CPU.ActiveCfg = Release|Any CPU
		{A07F937A-EDCC-49DA-B77E-7692F48DBCD7}.Release|Any CPU.Build.0 = Release|Any CPU
		{8B5B75BA-379A-49F2-8A7A-31686569A8A5}.Debug|Any CPU.ActiveCfg = Debug|Any CPU
		{8B5B75BA-379A-49F2-8A7A-31686569A8A5}.Debug|Any CPU.Build.0 = Debug|Any CPU
		{8B5B75BA-379A-49F2-8A7A-31686569A8A5}.Release|Any CPU.ActiveCfg = Release|Any CPU
		{8B5B75BA-379A-49F2-8A7A-31686569A8A5}.Release|Any CPU.Build.0 = Release|Any CPU
		{B4132B60-42BC-4495-92D7-501AF96BE930}.Debug|Any CPU.ActiveCfg = Debug|Any CPU
		{B4132B60-42BC-4495-92D7-501AF96BE930}.Debug|Any CPU.Build.0 = Debug|Any CPU
		{B4132B60-42BC-4495-92D7-501AF96BE930}.Release|Any CPU.ActiveCfg = Release|Any CPU
		{B4132B60-42BC-4495-92D7-501AF96BE930}.Release|Any CPU.Build.0 = Release|Any CPU
		{00D0E735-A99B-4E11-B34F-EC023207B14C}.Debug|Any CPU.ActiveCfg = Debug|Any CPU
		{00D0E735-A99B-4E11-B34F-EC023207B14C}.Debug|Any CPU.Build.0 = Debug|Any CPU
		{00D0E735-A99B-4E11-B34F-EC023207B14C}.Release|Any CPU.ActiveCfg = Release|Any CPU
		{00D0E735-A99B-4E11-B34F-EC023207B14C}.Release|Any CPU.Build.0 = Release|Any CPU
		{D4F1241C-E566-4CEA-935F-747F10B3036E}.Debug|Any CPU.ActiveCfg = Debug|Any CPU
		{D4F1241C-E566-4CEA-935F-747F10B3036E}.Debug|Any CPU.Build.0 = Debug|Any CPU
		{D4F1241C-E566-4CEA-935F-747F10B3036E}.Release|Any CPU.ActiveCfg = Release|Any CPU
		{D4F1241C-E566-4CEA-935F-747F10B3036E}.Release|Any CPU.Build.0 = Release|Any CPU
		{41273C66-8F60-4AB8-BE24-9E5AF9B29026}.Debug|Any CPU.ActiveCfg = Debug|Any CPU
		{41273C66-8F60-4AB8-BE24-9E5AF9B29026}.Debug|Any CPU.Build.0 = Debug|Any CPU
		{41273C66-8F60-4AB8-BE24-9E5AF9B29026}.Release|Any CPU.ActiveCfg = Release|Any CPU
		{41273C66-8F60-4AB8-BE24-9E5AF9B29026}.Release|Any CPU.Build.0 = Release|Any CPU
	EndGlobalSection
	GlobalSection(SolutionProperties) = preSolution
		HideSolutionNode = FALSE
	EndGlobalSection
	GlobalSection(NestedProjects) = preSolution
		{5937875D-A0AF-4977-8BC7-70660F0BEEEF} = {3E65A7C2-6358-4CDB-AC7F-9ED1D14341EC}
		{A6AC3E23-64A1-4A23-B0A6-03F560B9BC38} = {5937875D-A0AF-4977-8BC7-70660F0BEEEF}
		{70E715D7-9468-47EB-9DC8-93C5D8AE8D56} = {3E65A7C2-6358-4CDB-AC7F-9ED1D14341EC}
		{26BED1F0-66E5-42A5-82B7-2D20DABACA70} = {70E715D7-9468-47EB-9DC8-93C5D8AE8D56}
		{B4E1B1D9-8C91-4944-806A-7C298F39DF78} = {3E65A7C2-6358-4CDB-AC7F-9ED1D14341EC}
		{A07F937A-EDCC-49DA-B77E-7692F48DBCD7} = {B4E1B1D9-8C91-4944-806A-7C298F39DF78}
		{9D054E49-C5F1-46FF-8E39-6F81BC94FB77} = {3E65A7C2-6358-4CDB-AC7F-9ED1D14341EC}
		{8B5B75BA-379A-49F2-8A7A-31686569A8A5} = {9D054E49-C5F1-46FF-8E39-6F81BC94FB77}
		{B4132B60-42BC-4495-92D7-501AF96BE930} = {9D054E49-C5F1-46FF-8E39-6F81BC94FB77}
		{00D0E735-A99B-4E11-B34F-EC023207B14C} = {9D054E49-C5F1-46FF-8E39-6F81BC94FB77}
		{D4F1241C-E566-4CEA-935F-747F10B3036E} = {9D054E49-C5F1-46FF-8E39-6F81BC94FB77}
		{41273C66-8F60-4AB8-BE24-9E5AF9B29026} = {70E715D7-9468-47EB-9DC8-93C5D8AE8D56}
	EndGlobalSection
EndGlobal
